github.com/sweetrpg/common v0.0.5 h1:GkU4HhAnNcFVo8cQZoMvuoj04QtSh7iCtArZprHmG84=
github.com/sweetrpg/common v0.0.5/go.mod h1:WYj6M7cbmXqQm2fV5e6IzZHT3eWIVWJNx79LMuBLTzw=
github.com/sweetrpg/model-core v0.0.157 h1:eSQtY1YljvGHbCaNuPh79d8VxEkinTJP1n4gDoB0vmY=
github.com/sweetrpg/model-core v0.0.157/go.mod h1:HhwVreyOB+U6DwPPLwdfr25wvzWckQlYLfC74mjoUi8=
